{
    __meta__ = {
        version = "1.0"
    },
    ["windows|x64"] = {
        ["cmake#31fecfc4"] = {
            repo = {
                branch = "master",
                commit = "30bf09689d5f65e9ea4e3904ceb675f8f04f0789",
                url = "https://github.com/xmake-io/xmake-repo.git"
            },
            version = "3.30.3"
        },
        ["rsm-binary-io#31fecfc4"] = {
            repo = {
                branch = "master",
                commit = "30bf09689d5f65e9ea4e3904ceb675f8f04f0789",
                url = "https://github.com/xmake-io/xmake-repo.git"
            },
            version = "2.0.6"
        },
        ["simpleini#31fecfc4"] = {
            repo = {
                branch = "master",
                commit = "193aab3a94c28a30d8d509b1c21ee9ec1db458bf",
                url = "https://gitlab.com/tboox/xmake-repo.git"
            },
            version = "v4.22"
        },
        ["spdlog#c9428c73"] = {
            repo = {
                branch = "master",
                commit = "e328ef3c5cf3dcd398a44029070266a0c4988ff2",
                url = "https://gitlab.com/tboox/xmake-repo.git"
            },
            version = "v1.14.1"
        }
    }
}